<Solution>
  <Configurations>
    <Platform Name="x64" />
    <Platform Name="x86" />
  </Configurations>
  <Project Path="zad 1/zad 1.vcxproj" />
  <Project Path="zad 2/zad 2.vcxproj" />
  <Project Path="zad 3/zad 3.vcxproj" />
  <Project Path="zad 4/zad 4.vcxproj" />
  <Project Path="zadanie 5/zadanie 5.vcxproj" />
</Solution>
